// !$*UTF8*$!
{
	archiveVersion = 1;
	classes = {
	};
	objectVersion = 50;
	objects = {

/* Begin PBXBuildFile section */
		B40EA21F2086A95A00423A70 /* CalendarCollectionViewCell.swift in Sources */ = {isa = PBXBuildFile; fileRef = B40EA21E2086A95900423A70 /* CalendarCollectionViewCell.swift */; };
		B40EA2212086A96500423A70 /* CalendarViewController.swift in Sources */ = {isa = PBXBuildFile; fileRef = B40EA2202086A96500423A70 /* CalendarViewController.swift */; };
		B40EA2232086A99D00423A70 /* Calendar+MasterDetail.storyboard in Resources */ = {isa = PBXBuildFile; fileRef = B40EA2222086A99D00423A70 /* Calendar+MasterDetail.storyboard */; };
		B40EA2252087AB1500423A70 /* PlantType+Convenience.swift in Sources */ = {isa = PBXBuildFile; fileRef = B40EA2242087AB1500423A70 /* PlantType+Convenience.swift */; };
		B40EA2272087AB2200423A70 /* PlantRecord+Convenience.swift in Sources */ = {isa = PBXBuildFile; fileRef = B40EA2262087AB2200423A70 /* PlantRecord+Convenience.swift */; };
		B40EA2292087AB8A00423A70 /* CoreDataStack.swift in Sources */ = {isa = PBXBuildFile; fileRef = B40EA2282087AB8A00423A70 /* CoreDataStack.swift */; };
		B40EA22C2087B7DA00423A70 /* PlantTypeController.swift in Sources */ = {isa = PBXBuildFile; fileRef = B40EA22B2087B7DA00423A70 /* PlantTypeController.swift */; };
		B40EA2302087B80700423A70 /* PlantRecordController.swift in Sources */ = {isa = PBXBuildFile; fileRef = B40EA22F2087B80700423A70 /* PlantRecordController.swift */; };
		B456D63D2088290000489F23 /* PlantTypeTableViewController.swift in Sources */ = {isa = PBXBuildFile; fileRef = B456D63C2088290000489F23 /* PlantTypeTableViewController.swift */; };
		B456D63F20890DA400489F23 /* PlantTypeDetailViewController.swift in Sources */ = {isa = PBXBuildFile; fileRef = B456D63E20890DA400489F23 /* PlantTypeDetailViewController.swift */; };
		B456D6412089A4A200489F23 /* Water_FeedViewController.swift in Sources */ = {isa = PBXBuildFile; fileRef = B456D6402089A4A200489F23 /* Water_FeedViewController.swift */; };
		B456D6432089A4B000489F23 /* PlantHealthViewController.swift in Sources */ = {isa = PBXBuildFile; fileRef = B456D6422089A4B000489F23 /* PlantHealthViewController.swift */; };
		B456D6452089A67900489F23 /* PlantRecordViewController.swift in Sources */ = {isa = PBXBuildFile; fileRef = B456D6442089A67900489F23 /* PlantRecordViewController.swift */; };
		B456D6472089A70500489F23 /* PhotoDetailViewController.swift in Sources */ = {isa = PBXBuildFile; fileRef = B456D6462089A70500489F23 /* PhotoDetailViewController.swift */; };
		B4AA20482084F2A000707DF6 /* AppDelegate.swift in Sources */ = {isa = PBXBuildFile; fileRef = B4AA20472084F2A000707DF6 /* AppDelegate.swift */; };
		B4AA204D2084F2A000707DF6 /* Main.storyboard in Resources */ = {isa = PBXBuildFile; fileRef = B4AA204B2084F2A000707DF6 /* Main.storyboard */; };
		B4AA20502084F2A000707DF6 /* Sprout.xcdatamodeld in Sources */ = {isa = PBXBuildFile; fileRef = B4AA204E2084F2A000707DF6 /* Sprout.xcdatamodeld */; };
		B4AA20522084F2A400707DF6 /* Assets.xcassets in Resources */ = {isa = PBXBuildFile; fileRef = B4AA20512084F2A400707DF6 /* Assets.xcassets */; };
		B4AA20552084F2A400707DF6 /* LaunchScreen.storyboard in Resources */ = {isa = PBXBuildFile; fileRef = B4AA20532084F2A400707DF6 /* LaunchScreen.storyboard */; };
		B4B99422208FD57F00484298 /* Day+Convenience.swift in Sources */ = {isa = PBXBuildFile; fileRef = B4B99421208FD57F00484298 /* Day+Convenience.swift */; };
		B4B99426208FD66A00484298 /* DayController.swift in Sources */ = {isa = PBXBuildFile; fileRef = B4B99425208FD66A00484298 /* DayController.swift */; };
/* End PBXBuildFile section */

/* Begin PBXFileReference section */
		B40EA21E2086A95900423A70 /* CalendarCollectionViewCell.swift */ = {isa = PBXFileReference; fileEncoding = 4; lastKnownFileType = sourcecode.swift; path = CalendarCollectionViewCell.swift; sourceTree = "<group>"; };
		B40EA2202086A96500423A70 /* CalendarViewController.swift */ = {isa = PBXFileReference; fileEncoding = 4; lastKnownFileType = sourcecode.swift; path = CalendarViewController.swift; sourceTree = "<group>"; };
		B40EA2222086A99D00423A70 /* Calendar+MasterDetail.storyboard */ = {isa = PBXFileReference; fileEncoding = 4; lastKnownFileType = file.storyboard; path = "Calendar+MasterDetail.storyboard"; sourceTree = "<group>"; };
		B40EA2242087AB1500423A70 /* PlantType+Convenience.swift */ = {isa = PBXFileReference; lastKnownFileType = sourcecode.swift; path = "PlantType+Convenience.swift"; sourceTree = "<group>"; };
		B40EA2262087AB2200423A70 /* PlantRecord+Convenience.swift */ = {isa = PBXFileReference; lastKnownFileType = sourcecode.swift; path = "PlantRecord+Convenience.swift"; sourceTree = "<group>"; };
		B40EA2282087AB8A00423A70 /* CoreDataStack.swift */ = {isa = PBXFileReference; lastKnownFileType = sourcecode.swift; path = CoreDataStack.swift; sourceTree = "<group>"; };
		B40EA22B2087B7DA00423A70 /* PlantTypeController.swift */ = {isa = PBXFileReference; lastKnownFileType = sourcecode.swift; path = PlantTypeController.swift; sourceTree = "<group>"; };
		B40EA22F2087B80700423A70 /* PlantRecordController.swift */ = {isa = PBXFileReference; lastKnownFileType = sourcecode.swift; path = PlantRecordController.swift; sourceTree = "<group>"; };
		B456D63C2088290000489F23 /* PlantTypeTableViewController.swift */ = {isa = PBXFileReference; lastKnownFileType = sourcecode.swift; path = PlantTypeTableViewController.swift; sourceTree = "<group>"; };
		B456D63E20890DA400489F23 /* PlantTypeDetailViewController.swift */ = {isa = PBXFileReference; lastKnownFileType = sourcecode.swift; path = PlantTypeDetailViewController.swift; sourceTree = "<group>"; };
		B456D6402089A4A200489F23 /* Water_FeedViewController.swift */ = {isa = PBXFileReference; lastKnownFileType = sourcecode.swift; path = Water_FeedViewController.swift; sourceTree = "<group>"; };
		B456D6422089A4B000489F23 /* PlantHealthViewController.swift */ = {isa = PBXFileReference; lastKnownFileType = sourcecode.swift; path = PlantHealthViewController.swift; sourceTree = "<group>"; };
		B456D6442089A67900489F23 /* PlantRecordViewController.swift */ = {isa = PBXFileReference; lastKnownFileType = sourcecode.swift; path = PlantRecordViewController.swift; sourceTree = "<group>"; };
		B456D6462089A70500489F23 /* PhotoDetailViewController.swift */ = {isa = PBXFileReference; lastKnownFileType = sourcecode.swift; path = PhotoDetailViewController.swift; sourceTree = "<group>"; };
		B4AA20442084F2A000707DF6 /* Sprout.app */ = {isa = PBXFileReference; explicitFileType = wrapper.application; includeInIndex = 0; path = Sprout.app; sourceTree = BUILT_PRODUCTS_DIR; };
		B4AA20472084F2A000707DF6 /* AppDelegate.swift */ = {isa = PBXFileReference; lastKnownFileType = sourcecode.swift; path = AppDelegate.swift; sourceTree = "<group>"; };
		B4AA204C2084F2A000707DF6 /* Base */ = {isa = PBXFileReference; lastKnownFileType = file.storyboard; name = Base; path = Base.lproj/Main.storyboard; sourceTree = "<group>"; };
		B4AA204F2084F2A000707DF6 /* Sprout.xcdatamodel */ = {isa = PBXFileReference; lastKnownFileType = wrapper.xcdatamodel; path = Sprout.xcdatamodel; sourceTree = "<group>"; };
		B4AA20512084F2A400707DF6 /* Assets.xcassets */ = {isa = PBXFileReference; lastKnownFileType = folder.assetcatalog; path = Assets.xcassets; sourceTree = "<group>"; };
		B4AA20542084F2A400707DF6 /* Base */ = {isa = PBXFileReference; lastKnownFileType = file.storyboard; name = Base; path = Base.lproj/LaunchScreen.storyboard; sourceTree = "<group>"; };
		B4AA20562084F2A400707DF6 /* Info.plist */ = {isa = PBXFileReference; lastKnownFileType = text.plist.xml; path = Info.plist; sourceTree = "<group>"; };
		B4B99421208FD57F00484298 /* Day+Convenience.swift */ = {isa = PBXFileReference; lastKnownFileType = sourcecode.swift; path = "Day+Convenience.swift"; sourceTree = "<group>"; };
		B4B99425208FD66A00484298 /* DayController.swift */ = {isa = PBXFileReference; lastKnownFileType = sourcecode.swift; path = DayController.swift; sourceTree = "<group>"; };
/* End PBXFileReference section */

/* Begin PBXFrameworksBuildPhase section */
		B4AA20412084F2A000707DF6 /* Frameworks */ = {
			isa = PBXFrameworksBuildPhase;
			buildActionMask = 2147483647;
			files = (
			);
			runOnlyForDeploymentPostprocessing = 0;
		};
/* End PBXFrameworksBuildPhase section */

/* Begin PBXGroup section */
		B40EA21C2086A93C00423A70 /* Views */ = {
			isa = PBXGroup;
			children = (
				B40EA21E2086A95900423A70 /* CalendarCollectionViewCell.swift */,
			);
			path = Views;
			sourceTree = "<group>";
		};
		B40EA21D2086A94400423A70 /* View Controllers */ = {
			isa = PBXGroup;
			children = (
				B456D63C2088290000489F23 /* PlantTypeTableViewController.swift */,
				B456D63E20890DA400489F23 /* PlantTypeDetailViewController.swift */,
				B456D6402089A4A200489F23 /* Water_FeedViewController.swift */,
				B456D6422089A4B000489F23 /* PlantHealthViewController.swift */,
				B456D6462089A70500489F23 /* PhotoDetailViewController.swift */,
				B40EA2202086A96500423A70 /* CalendarViewController.swift */,
				B456D6442089A67900489F23 /* PlantRecordViewController.swift */,
			);
			path = "View Controllers";
			sourceTree = "<group>";
		};
		B40EA22A2087B7A200423A70 /* Model Controllers */ = {
			isa = PBXGroup;
			children = (
				B40EA22B2087B7DA00423A70 /* PlantTypeController.swift */,
				B4B99425208FD66A00484298 /* DayController.swift */,
				B40EA22F2087B80700423A70 /* PlantRecordController.swift */,
			);
			path = "Model Controllers";
			sourceTree = "<group>";
		};
		B4AA203B2084F2A000707DF6 = {
			isa = PBXGroup;
			children = (
				B4AA20462084F2A000707DF6 /* Sprout */,
				B4AA20452084F2A000707DF6 /* Products */,
			);
			sourceTree = "<group>";
		};
		B4AA20452084F2A000707DF6 /* Products */ = {
			isa = PBXGroup;
			children = (
				B4AA20442084F2A000707DF6 /* Sprout.app */,
			);
			name = Products;
			sourceTree = "<group>";
		};
		B4AA20462084F2A000707DF6 /* Sprout */ = {
			isa = PBXGroup;
			children = (
				B4AA205E2084F5E900707DF6 /* UI */,
				B4AA205C2084F5CE00707DF6 /* CoreData */,
				B40EA22A2087B7A200423A70 /* Model Controllers */,
				B40EA21D2086A94400423A70 /* View Controllers */,
				B40EA21C2086A93C00423A70 /* Views */,
				B4B9941E208F897400484298 /* Helpers */,
				B4AA205D2084F5E000707DF6 /* Resources */,
			);
			path = Sprout;
			sourceTree = "<group>";
		};
		B4AA205C2084F5CE00707DF6 /* CoreData */ = {
			isa = PBXGroup;
			children = (
				B4AA204E2084F2A000707DF6 /* Sprout.xcdatamodeld */,
				B40EA2242087AB1500423A70 /* PlantType+Convenience.swift */,
				B40EA2262087AB2200423A70 /* PlantRecord+Convenience.swift */,
				B4B99421208FD57F00484298 /* Day+Convenience.swift */,
				B40EA2282087AB8A00423A70 /* CoreDataStack.swift */,
			);
			path = CoreData;
			sourceTree = "<group>";
		};
		B4AA205D2084F5E000707DF6 /* Resources */ = {
			isa = PBXGroup;
			children = (
				B4AA20472084F2A000707DF6 /* AppDelegate.swift */,
				B4AA20512084F2A400707DF6 /* Assets.xcassets */,
				B4AA20532084F2A400707DF6 /* LaunchScreen.storyboard */,
				B4AA20562084F2A400707DF6 /* Info.plist */,
			);
			path = Resources;
			sourceTree = "<group>";
		};
		B4AA205E2084F5E900707DF6 /* UI */ = {
			isa = PBXGroup;
			children = (
				B4AA204B2084F2A000707DF6 /* Main.storyboard */,
				B40EA2222086A99D00423A70 /* Calendar+MasterDetail.storyboard */,
			);
			path = UI;
			sourceTree = "<group>";
		};
		B4B9941E208F897400484298 /* Helpers */ = {
			isa = PBXGroup;
			children = (
			);
			path = Helpers;
			sourceTree = "<group>";
		};
/* End PBXGroup section */

/* Begin PBXNativeTarget section */
		B4AA20432084F2A000707DF6 /* Sprout */ = {
			isa = PBXNativeTarget;
			buildConfigurationList = B4AA20592084F2A400707DF6 /* Build configuration list for PBXNativeTarget "Sprout" */;
			buildPhases = (
				B4AA20402084F2A000707DF6 /* Sources */,
				B4AA20412084F2A000707DF6 /* Frameworks */,
				B4AA20422084F2A000707DF6 /* Resources */,
			);
			buildRules = (
			);
			dependencies = (
			);
			name = Sprout;
			productName = Sprout;
			productReference = B4AA20442084F2A000707DF6 /* Sprout.app */;
			productType = "com.apple.product-type.application";
		};
/* End PBXNativeTarget section */

/* Begin PBXProject section */
		B4AA203C2084F2A000707DF6 /* Project object */ = {
			isa = PBXProject;
			attributes = {
				LastSwiftUpdateCheck = 0930;
				LastUpgradeCheck = 0930;
				ORGANIZATIONNAME = "Kainoa Palama";
				TargetAttributes = {
					B4AA20432084F2A000707DF6 = {
						CreatedOnToolsVersion = 9.3;
					};
				};
			};
			buildConfigurationList = B4AA203F2084F2A000707DF6 /* Build configuration list for PBXProject "Sprout" */;
			compatibilityVersion = "Xcode 9.3";
			developmentRegion = en;
			hasScannedForEncodings = 0;
			knownRegions = (
				en,
				Base,
			);
			mainGroup = B4AA203B2084F2A000707DF6;
			productRefGroup = B4AA20452084F2A000707DF6 /* Products */;
			projectDirPath = "";
			projectRoot = "";
			targets = (
				B4AA20432084F2A000707DF6 /* Sprout */,
			);
		};
/* End PBXProject section */

/* Begin PBXResourcesBuildPhase section */
		B4AA20422084F2A000707DF6 /* Resources */ = {
			isa = PBXResourcesBuildPhase;
			buildActionMask = 2147483647;
			files = (
				B40EA2232086A99D00423A70 /* Calendar+MasterDetail.storyboard in Resources */,
				B4AA20552084F2A400707DF6 /* LaunchScreen.storyboard in Resources */,
				B4AA20522084F2A400707DF6 /* Assets.xcassets in Resources */,
				B4AA204D2084F2A000707DF6 /* Main.storyboard in Resources */,
			);
			runOnlyForDeploymentPostprocessing = 0;
		};
/* End PBXResourcesBuildPhase section */

/* Begin PBXSourcesBuildPhase section */
		B4AA20402084F2A000707DF6 /* Sources */ = {
			isa = PBXSourcesBuildPhase;
			buildActionMask = 2147483647;
			files = (
				B40EA2292087AB8A00423A70 /* CoreDataStack.swift in Sources */,
				B4B99426208FD66A00484298 /* DayController.swift in Sources */,
				B40EA22C2087B7DA00423A70 /* PlantTypeController.swift in Sources */,
				B40EA2272087AB2200423A70 /* PlantRecord+Convenience.swift in Sources */,
				B456D6472089A70500489F23 /* PhotoDetailViewController.swift in Sources */,
				B40EA2302087B80700423A70 /* PlantRecordController.swift in Sources */,
				B40EA2212086A96500423A70 /* CalendarViewController.swift in Sources */,
				B4B99422208FD57F00484298 /* Day+Convenience.swift in Sources */,
				B456D6452089A67900489F23 /* PlantRecordViewController.swift in Sources */,
				B456D6432089A4B000489F23 /* PlantHealthViewController.swift in Sources */,
				B40EA21F2086A95A00423A70 /* CalendarCollectionViewCell.swift in Sources */,
				B4AA20502084F2A000707DF6 /* Sprout.xcdatamodeld in Sources */,
				B456D63D2088290000489F23 /* PlantTypeTableViewController.swift in Sources */,
				B40EA2252087AB1500423A70 /* PlantType+Convenience.swift in Sources */,
				B456D63F20890DA400489F23 /* PlantTypeDetailViewController.swift in Sources */,
				B456D6412089A4A200489F23 /* Water_FeedViewController.swift in Sources */,
				B4AA20482084F2A000707DF6 /* AppDelegate.swift in Sources */,
			);
			runOnlyForDeploymentPostprocessing = 0;
		};
/* End PBXSourcesBuildPhase section */

/* Begin PBXVariantGroup section */
		B4AA204B2084F2A000707DF6 /* Main.storyboard */ = {
			isa = PBXVariantGroup;
			children = (
				B4AA204C2084F2A000707DF6 /* Base */,
			);
			name = Main.storyboard;
			sourceTree = "<group>";
		};
		B4AA20532084F2A400707DF6 /* LaunchScreen.storyboard */ = {
			isa = PBXVariantGroup;
			children = (
				B4AA20542084F2A400707DF6 /* Base */,
			);
			name = LaunchScreen.storyboard;
			sourceTree = "<group>";
		};
/* End PBXVariantGroup section */

/* Begin XCBuildConfiguration section */
		B4AA20572084F2A400707DF6 /* Debug */ = {
			isa = XCBuildConfiguration;
			buildSettings = {
				ALWAYS_SEARCH_USER_PATHS = NO;
				CLANG_ANALYZER_NONNULL = YES;
				CLANG_ANALYZER_NUMBER_OBJECT_CONVERSION = YES_AGGRESSIVE;
				CLANG_CXX_LANGUAGE_STANDARD = "gnu++14";
				CLANG_CXX_LIBRARY = "libc++";
				CLANG_ENABLE_MODULES = YES;
				CLANG_ENABLE_OBJC_ARC = YES;
				CLANG_ENABLE_OBJC_WEAK = YES;
				CLANG_WARN_BLOCK_CAPTURE_AUTORELEASING = YES;
				CLANG_WARN_BOOL_CONVERSION = YES;
				CLANG_WARN_COMMA = YES;
				CLANG_WARN_CONSTANT_CONVERSION = YES;
				CLANG_WARN_DEPRECATED_OBJC_IMPLEMENTATIONS = YES;
				CLANG_WARN_DIRECT_OBJC_ISA_USAGE = YES_ERROR;
				CLANG_WARN_DOCUMENTATION_COMMENTS = YES;
				CLANG_WARN_EMPTY_BODY = YES;
				CLANG_WARN_ENUM_CONVERSION = YES;
				CLANG_WARN_INFINITE_RECURSION = YES;
				CLANG_WARN_INT_CONVERSION = YES;
				CLANG_WARN_NON_LITERAL_NULL_CONVERSION = YES;
				CLANG_WARN_OBJC_IMPLICIT_RETAIN_SELF = YES;
				CLANG_WARN_OBJC_LITERAL_CONVERSION = YES;
				CLANG_WARN_OBJC_ROOT_CLASS = YES_ERROR;
				CLANG_WARN_RANGE_LOOP_ANALYSIS = YES;
				CLANG_WARN_STRICT_PROTOTYPES = YES;
				CLANG_WARN_SUSPICIOUS_MOVE = YES;
				CLANG_WARN_UNGUARDED_AVAILABILITY = YES_AGGRESSIVE;
				CLANG_WARN_UNREACHABLE_CODE = YES;
				CLANG_WARN__DUPLICATE_METHOD_MATCH = YES;
				CODE_SIGN_IDENTITY = "iPhone Developer";
				COPY_PHASE_STRIP = NO;
				DEBUG_INFORMATION_FORMAT = dwarf;
				ENABLE_STRICT_OBJC_MSGSEND = YES;
				ENABLE_TESTABILITY = YES;
				GCC_C_LANGUAGE_STANDARD = gnu11;
				GCC_DYNAMIC_NO_PIC = NO;
				GCC_NO_COMMON_BLOCKS = YES;
				GCC_OPTIMIZATION_LEVEL = 0;
				GCC_PREPROCESSOR_DEFINITIONS = (
					"DEBUG=1",
					"$(inherited)",
				);
				GCC_WARN_64_TO_32_BIT_CONVERSION = YES;
				GCC_WARN_ABOUT_RETURN_TYPE = YES_ERROR;
				GCC_WARN_UNDECLARED_SELECTOR = YES;
				GCC_WARN_UNINITIALIZED_AUTOS = YES_AGGRESSIVE;
				GCC_WARN_UNUSED_FUNCTION = YES;
				GCC_WARN_UNUSED_VARIABLE = YES;
				IPHONEOS_DEPLOYMENT_TARGET = 11.3;
				MTL_ENABLE_DEBUG_INFO = YES;
				ONLY_ACTIVE_ARCH = YES;
				SDKROOT = iphoneos;
				SWIFT_ACTIVE_COMPILATION_CONDITIONS = DEBUG;
				SWIFT_OPTIMIZATION_LEVEL = "-Onone";
			};
			name = Debug;
		};
		B4AA20582084F2A400707DF6 /* Release */ = {
			isa = XCBuildConfiguration;
			buildSettings = {
				ALWAYS_SEARCH_USER_PATHS = NO;
				CLANG_ANALYZER_NONNULL = YES;
				CLANG_ANALYZER_NUMBER_OBJECT_CONVERSION = YES_AGGRESSIVE;
				CLANG_CXX_LANGUAGE_STANDARD = "gnu++14";
				CLANG_CXX_LIBRARY = "libc++";
				CLANG_ENABLE_MODULES = YES;
				CLANG_ENABLE_OBJC_ARC = YES;
				CLANG_ENABLE_OBJC_WEAK = YES;
				CLANG_WARN_BLOCK_CAPTURE_AUTORELEASING = YES;
				CLANG_WARN_BOOL_CONVERSION = YES;
				CLANG_WARN_COMMA = YES;
				CLANG_WARN_CONSTANT_CONVERSION = YES;
				CLANG_WARN_DEPRECATED_OBJC_IMPLEMENTATIONS = YES;
				CLANG_WARN_DIRECT_OBJC_ISA_USAGE = YES_ERROR;
				CLANG_WARN_DOCUMENTATION_COMMENTS = YES;
				CLANG_WARN_EMPTY_BODY = YES;
				CLANG_WARN_ENUM_CONVERSION = YES;
				CLANG_WARN_INFINITE_RECURSION = YES;
				CLANG_WARN_INT_CONVERSION = YES;
				CLANG_WARN_NON_LITERAL_NULL_CONVERSION = YES;
				CLANG_WARN_OBJC_IMPLICIT_RETAIN_SELF = YES;
				CLANG_WARN_OBJC_LITERAL_CONVERSION = YES;
				CLANG_WARN_OBJC_ROOT_CLASS = YES_ERROR;
				CLANG_WARN_RANGE_LOOP_ANALYSIS = YES;
				CLANG_WARN_STRICT_PROTOTYPES = YES;
				CLANG_WARN_SUSPICIOUS_MOVE = YES;
				CLANG_WARN_UNGUARDED_AVAILABILITY = YES_AGGRESSIVE;
				CLANG_WARN_UNREACHABLE_CODE = YES;
				CLANG_WARN__DUPLICATE_METHOD_MATCH = YES;
				CODE_SIGN_IDENTITY = "iPhone Developer";
				COPY_PHASE_STRIP = NO;
				DEBUG_INFORMATION_FORMAT = "dwarf-with-dsym";
				ENABLE_NS_ASSERTIONS = NO;
				ENABLE_STRICT_OBJC_MSGSEND = YES;
				GCC_C_LANGUAGE_STANDARD = gnu11;
				GCC_NO_COMMON_BLOCKS = YES;
				GCC_WARN_64_TO_32_BIT_CONVERSION = YES;
				GCC_WARN_ABOUT_RETURN_TYPE = YES_ERROR;
				GCC_WARN_UNDECLARED_SELECTOR = YES;
				GCC_WARN_UNINITIALIZED_AUTOS = YES_AGGRESSIVE;
				GCC_WARN_UNUSED_FUNCTION = YES;
				GCC_WARN_UNUSED_VARIABLE = YES;
				IPHONEOS_DEPLOYMENT_TARGET = 11.3;
				MTL_ENABLE_DEBUG_INFO = NO;
				SDKROOT = iphoneos;
				SWIFT_COMPILATION_MODE = wholemodule;
				SWIFT_OPTIMIZATION_LEVEL = "-O";
				VALIDATE_PRODUCT = YES;
			};
			name = Release;
		};
		B4AA205A2084F2A400707DF6 /* Debug */ = {
			isa = XCBuildConfiguration;
			buildSettings = {
				ASSETCATALOG_COMPILER_APPICON_NAME = AppIcon;
				CODE_SIGN_STYLE = Automatic;
				DEVELOPMENT_TEAM = 4QXP9H2CH3;
				INFOPLIST_FILE = "$(SRCROOT)/Sprout/Resources/Info.plist";
				IPHONEOS_DEPLOYMENT_TARGET = 11.0;
				LD_RUNPATH_SEARCH_PATHS = (
					"$(inherited)",
					"@executable_path/Frameworks",
				);
				PRODUCT_BUNDLE_IDENTIFIER = com.KainoaPalama.Sprout;
				PRODUCT_NAME = "$(TARGET_NAME)";
				SWIFT_VERSION = 4.0;
				TARGETED_DEVICE_FAMILY = "1,2";
			};
			name = Debug;
		};
		B4AA205B2084F2A400707DF6 /* Release */ = {
			isa = XCBuildConfiguration;
			buildSettings = {
				ASSETCATALOG_COMPILER_APPICON_NAME = AppIcon;
				CODE_SIGN_STYLE = Automatic;
				DEVELOPMENT_TEAM = 4QXP9H2CH3;
				INFOPLIST_FILE = "$(SRCROOT)/Sprout/Resources/Info.plist";
				IPHONEOS_DEPLOYMENT_TARGET = 11.0;
				LD_RUNPATH_SEARCH_PATHS = (
					"$(inherited)",
					"@executable_path/Frameworks",
				);
				PRODUCT_BUNDLE_IDENTIFIER = com.KainoaPalama.Sprout;
				PRODUCT_NAME = "$(TARGET_NAME)";
				SWIFT_VERSION = 4.0;
				TARGETED_DEVICE_FAMILY = "1,2";
			};
			name = Release;
		};
/* End XCBuildConfiguration section */

/* Begin XCConfigurationList section */
		B4AA203F2084F2A000707DF6 /* Build configuration list for PBXProject "Sprout" */ = {
			isa = XCConfigurationList;
			buildConfigurations = (
				B4AA20572084F2A400707DF6 /* Debug */,
				B4AA20582084F2A400707DF6 /* Release */,
			);
			defaultConfigurationIsVisible = 0;
			defaultConfigurationName = Release;
		};
		B4AA20592084F2A400707DF6 /* Build configuration list for PBXNativeTarget "Sprout" */ = {
			isa = XCConfigurationList;
			buildConfigurations = (
				B4AA205A2084F2A400707DF6 /* Debug */,
				B4AA205B2084F2A400707DF6 /* Release */,
			);
			defaultConfigurationIsVisible = 0;
			defaultConfigurationName = Release;
		};
/* End XCConfigurationList section */

/* Begin XCVersionGroup section */
		B4AA204E2084F2A000707DF6 /* Sprout.xcdatamodeld */ = {
			isa = XCVersionGroup;
			children = (
				B4AA204F2084F2A000707DF6 /* Sprout.xcdatamodel */,
			);
			currentVersion = B4AA204F2084F2A000707DF6 /* Sprout.xcdatamodel */;
			path = Sprout.xcdatamodeld;
			sourceTree = "<group>";
			versionGroupType = wrapper.xcdatamodel;
		};
/* End XCVersionGroup section */
	};
	rootObject = B4AA203C2084F2A000707DF6 /* Project object */;
}
